
Microsoft Visual Studio Solution File, Format Version 11.00
# Visual Studio 2010
Project("{888888A0-9F3D-457C-B088-3A5042F75D52}") = "Reflux", "Reflux\Reflux.pyproj", "{3341E586-7A62-4DFE-A5E8-F6191480045B}"
EndProject
Global
	GlobalSection(SolutionConfigurationPlatforms) = preSolution
		Debug|Any CPU = Debug|Any CPU
		Release|Any CPU = Release|Any CPU
	EndGlobalSection
	GlobalSection(ProjectConfigurationPlatforms) = postSolution
		{3341E586-7A62-4DFE-A5E8-F6191480045B}.Debug|Any CPU.ActiveCfg = Debug|Any CPU
		{3341E586-7A62-4DFE-A5E8-F6191480045B}.Debug|Any CPU.Build.0 = Debug|Any CPU
		{3341E586-7A62-4DFE-A5E8-F6191480045B}.Release|Any CPU.ActiveCfg = Release|Any CPU
		{3341E586-7A62-4DFE-A5E8-F6191480045B}.Release|Any CPU.Build.0 = Release|Any CPU
	EndGlobalSection
	GlobalSection(SolutionProperties) = preSolution
		HideSolutionNode = FALSE
	EndGlobalSection
EndGlobal
